// !$*UTF8*$!
{
	archiveVersion = 1;
	classes = {
	};
	objectVersion = 48;
	objects = {

/* Begin PBXBuildFile section */
		1E4D7DB31F94AA8C00DB6902 /* MQEncodeAudio.m in Sources */ = {isa = PBXBuildFile; fileRef = 1E4D7DA81F94AA8C00DB6902 /* MQEncodeAudio.m */; };
		1E4D7DB41F94AA8C00DB6902 /* libopencore-amrnb.a in Frameworks */ = {isa = PBXBuildFile; fileRef = 1E4D7DB01F94AA8C00DB6902 /* libopencore-amrnb.a */; };
		1E4D7DB51F94AA8C00DB6902 /* libopencore-amrwb.a in Frameworks */ = {isa = PBXBuildFile; fileRef = 1E4D7DB11F94AA8C00DB6902 /* libopencore-amrwb.a */; };
		1E4D7DB71F94AB0100DB6902 /* uama_record.wav in Resources */ = {isa = PBXBuildFile; fileRef = 1E4D7DB61F94AB0000DB6902 /* uama_record.wav */; };
		1E4D7DB91F94AD8000DB6902 /* uama_record.amr in Resources */ = {isa = PBXBuildFile; fileRef = 1E4D7DB81F94AD7F00DB6902 /* uama_record.amr */; };
		1E65125C1F8F6862002763D8 /* urec_a.data in Resources */ = {isa = PBXBuildFile; fileRef = 1E65125B1F8F6862002763D8 /* urec_a.data */; };
		1E65125E1F8F6A02002763D8 /* uama_record.pcm in Resources */ = {isa = PBXBuildFile; fileRef = 1E65125D1F8F6A02002763D8 /* uama_record.pcm */; };
		1E8F15751F8F60E600854176 /* AppDelegate.m in Sources */ = {isa = PBXBuildFile; fileRef = 1E8F15741F8F60E600854176 /* AppDelegate.m */; };
		1E8F15781F8F60E600854176 /* ViewController.m in Sources */ = {isa = PBXBuildFile; fileRef = 1E8F15771F8F60E600854176 /* ViewController.m */; };
		1E8F157B1F8F60E600854176 /* Main.storyboard in Resources */ = {isa = PBXBuildFile; fileRef = 1E8F15791F8F60E600854176 /* Main.storyboard */; };
		1E8F157D1F8F60E600854176 /* Assets.xcassets in Resources */ = {isa = PBXBuildFile; fileRef = 1E8F157C1F8F60E600854176 /* Assets.xcassets */; };
		1E8F15801F8F60E600854176 /* LaunchScreen.storyboard in Resources */ = {isa = PBXBuildFile; fileRef = 1E8F157E1F8F60E600854176 /* LaunchScreen.storyboard */; };
		1E8F15831F8F60E600854176 /* main.m in Sources */ = {isa = PBXBuildFile; fileRef = 1E8F15821F8F60E600854176 /* main.m */; };
		1E8F158C1F8F656000854176 /* BestRegards.mp3 in Resources */ = {isa = PBXBuildFile; fileRef = 1E8F158B1F8F656000854176 /* BestRegards.mp3 */; };
/* End PBXBuildFile section */

/* Begin PBXFileReference section */
		1E4D7DA81F94AA8C00DB6902 /* MQEncodeAudio.m */ = {isa = PBXFileReference; fileEncoding = 4; lastKnownFileType = sourcecode.c.objc; path = MQEncodeAudio.m; sourceTree = "<group>"; };
		1E4D7DAA1F94AA8C00DB6902 /* interf_dec.h */ = {isa = PBXFileReference; fileEncoding = 4; lastKnownFileType = sourcecode.c.h; path = interf_dec.h; sourceTree = "<group>"; };
		1E4D7DAB1F94AA8C00DB6902 /* interf_enc.h */ = {isa = PBXFileReference; fileEncoding = 4; lastKnownFileType = sourcecode.c.h; path = interf_enc.h; sourceTree = "<group>"; };
		1E4D7DAD1F94AA8C00DB6902 /* dec_if.h */ = {isa = PBXFileReference; fileEncoding = 4; lastKnownFileType = sourcecode.c.h; path = dec_if.h; sourceTree = "<group>"; };
		1E4D7DAE1F94AA8C00DB6902 /* if_rom.h */ = {isa = PBXFileReference; fileEncoding = 4; lastKnownFileType = sourcecode.c.h; path = if_rom.h; sourceTree = "<group>"; };
		1E4D7DB01F94AA8C00DB6902 /* libopencore-amrnb.a */ = {isa = PBXFileReference; lastKnownFileType = archive.ar; path = "libopencore-amrnb.a"; sourceTree = "<group>"; };
		1E4D7DB11F94AA8C00DB6902 /* libopencore-amrwb.a */ = {isa = PBXFileReference; lastKnownFileType = archive.ar; path = "libopencore-amrwb.a"; sourceTree = "<group>"; };
		1E4D7DB21F94AA8C00DB6902 /* MQEncodeAudio.h */ = {isa = PBXFileReference; fileEncoding = 4; lastKnownFileType = sourcecode.c.h; path = MQEncodeAudio.h; sourceTree = "<group>"; };
		1E4D7DB61F94AB0000DB6902 /* uama_record.wav */ = {isa = PBXFileReference; lastKnownFileType = audio.wav; path = uama_record.wav; sourceTree = "<group>"; };
		1E4D7DB81F94AD7F00DB6902 /* uama_record.amr */ = {isa = PBXFileReference; lastKnownFileType = file; path = uama_record.amr; sourceTree = "<group>"; };
		1E65125B1F8F6862002763D8 /* urec_a.data */ = {isa = PBXFileReference; lastKnownFileType = file; path = urec_a.data; sourceTree = "<group>"; };
		1E65125D1F8F6A02002763D8 /* uama_record.pcm */ = {isa = PBXFileReference; lastKnownFileType = file; path = uama_record.pcm; sourceTree = "<group>"; };
		1E8F15701F8F60E600854176 /* UAMAAVPlayer.app */ = {isa = PBXFileReference; explicitFileType = wrapper.application; includeInIndex = 0; path = UAMAAVPlayer.app; sourceTree = BUILT_PRODUCTS_DIR; };
		1E8F15731F8F60E600854176 /* AppDelegate.h */ = {isa = PBXFileReference; lastKnownFileType = sourcecode.c.h; path = AppDelegate.h; sourceTree = "<group>"; };
		1E8F15741F8F60E600854176 /* AppDelegate.m */ = {isa = PBXFileReference; lastKnownFileType = sourcecode.c.objc; path = AppDelegate.m; sourceTree = "<group>"; };
		1E8F15761F8F60E600854176 /* ViewController.h */ = {isa = PBXFileReference; lastKnownFileType = sourcecode.c.h; path = ViewController.h; sourceTree = "<group>"; };
		1E8F15771F8F60E600854176 /* ViewController.m */ = {isa = PBXFileReference; lastKnownFileType = sourcecode.c.objc; path = ViewController.m; sourceTree = "<group>"; };
		1E8F157A1F8F60E600854176 /* Base */ = {isa = PBXFileReference; lastKnownFileType = file.storyboard; name = Base; path = Base.lproj/Main.storyboard; sourceTree = "<group>"; };
		1E8F157C1F8F60E600854176 /* Assets.xcassets */ = {isa = PBXFileReference; lastKnownFileType = folder.assetcatalog; path = Assets.xcassets; sourceTree = "<group>"; };
		1E8F157F1F8F60E600854176 /* Base */ = {isa = PBXFileReference; lastKnownFileType = file.storyboard; name = Base; path = Base.lproj/LaunchScreen.storyboard; sourceTree = "<group>"; };
		1E8F15811F8F60E600854176 /* Info.plist */ = {isa = PBXFileReference; lastKnownFileType = text.plist.xml; path = Info.plist; sourceTree = "<group>"; };
		1E8F15821F8F60E600854176 /* main.m */ = {isa = PBXFileReference; lastKnownFileType = sourcecode.c.objc; path = main.m; sourceTree = "<group>"; };
		1E8F158B1F8F656000854176 /* BestRegards.mp3 */ = {isa = PBXFileReference; lastKnownFileType = audio.mp3; path = BestRegards.mp3; sourceTree = "<group>"; };
/* End PBXFileReference section */

/* Begin PBXFrameworksBuildPhase section */
		1E8F156D1F8F60E600854176 /* Frameworks */ = {
			isa = PBXFrameworksBuildPhase;
			buildActionMask = 2147483647;
			files = (
				1E4D7DB51F94AA8C00DB6902 /* libopencore-amrwb.a in Frameworks */,
				1E4D7DB41F94AA8C00DB6902 /* libopencore-amrnb.a in Frameworks */,
			);
			runOnlyForDeploymentPostprocessing = 0;
		};
/* End PBXFrameworksBuildPhase section */

/* Begin PBXGroup section */
		1E4D7D9B1F94A91800DB6902 /* MQEncodeAudio */ = {
			isa = PBXGroup;
			children = (
				1E4D7DAF1F94AA8C00DB6902 /* lib */,
				1E4D7DB21F94AA8C00DB6902 /* MQEncodeAudio.h */,
				1E4D7DA81F94AA8C00DB6902 /* MQEncodeAudio.m */,
				1E4D7DA91F94AA8C00DB6902 /* opencore-amrnb */,
				1E4D7DAC1F94AA8C00DB6902 /* opencore-amrwb */,
			);
			path = MQEncodeAudio;
			sourceTree = "<group>";
		};
		1E4D7DA91F94AA8C00DB6902 /* opencore-amrnb */ = {
			isa = PBXGroup;
			children = (
				1E4D7DAA1F94AA8C00DB6902 /* interf_dec.h */,
				1E4D7DAB1F94AA8C00DB6902 /* interf_enc.h */,
			);
			path = "opencore-amrnb";
			sourceTree = "<group>";
		};
		1E4D7DAC1F94AA8C00DB6902 /* opencore-amrwb */ = {
			isa = PBXGroup;
			children = (
				1E4D7DAD1F94AA8C00DB6902 /* dec_if.h */,
				1E4D7DAE1F94AA8C00DB6902 /* if_rom.h */,
			);
			path = "opencore-amrwb";
			sourceTree = "<group>";
		};
		1E4D7DAF1F94AA8C00DB6902 /* lib */ = {
			isa = PBXGroup;
			children = (
				1E4D7DB01F94AA8C00DB6902 /* libopencore-amrnb.a */,
				1E4D7DB11F94AA8C00DB6902 /* libopencore-amrwb.a */,
			);
			path = lib;
			sourceTree = "<group>";
		};
		1E8F15671F8F60E600854176 = {
			isa = PBXGroup;
			children = (
				1E8F15721F8F60E600854176 /* UAMAAVPlayer */,
				1E8F15711F8F60E600854176 /* Products */,
			);
			sourceTree = "<group>";
		};
		1E8F15711F8F60E600854176 /* Products */ = {
			isa = PBXGroup;
			children = (
				1E8F15701F8F60E600854176 /* UAMAAVPlayer.app */,
			);
			name = Products;
			sourceTree = "<group>";
		};
		1E8F15721F8F60E600854176 /* UAMAAVPlayer */ = {
			isa = PBXGroup;
			children = (
				1E4D7D9B1F94A91800DB6902 /* MQEncodeAudio */,
				1E8F15731F8F60E600854176 /* AppDelegate.h */,
				1E8F15741F8F60E600854176 /* AppDelegate.m */,
				1E8F15761F8F60E600854176 /* ViewController.h */,
				1E8F15771F8F60E600854176 /* ViewController.m */,
				1E8F158B1F8F656000854176 /* BestRegards.mp3 */,
				1E4D7DB61F94AB0000DB6902 /* uama_record.wav */,
				1E4D7DB81F94AD7F00DB6902 /* uama_record.amr */,
				1E65125B1F8F6862002763D8 /* urec_a.data */,
				1E65125D1F8F6A02002763D8 /* uama_record.pcm */,
				1E8F15791F8F60E600854176 /* Main.storyboard */,
				1E8F157C1F8F60E600854176 /* Assets.xcassets */,
				1E8F157E1F8F60E600854176 /* LaunchScreen.storyboard */,
				1E8F15811F8F60E600854176 /* Info.plist */,
				1E8F15821F8F60E600854176 /* main.m */,
			);
			path = UAMAAVPlayer;
			sourceTree = "<group>";
		};
/* End PBXGroup section */

/* Begin PBXNativeTarget section */
		1E8F156F1F8F60E600854176 /* UAMAAVPlayer */ = {
			isa = PBXNativeTarget;
			buildConfigurationList = 1E8F15861F8F60E600854176 /* Build configuration list for PBXNativeTarget "UAMAAVPlayer" */;
			buildPhases = (
				1E8F156C1F8F60E600854176 /* Sources */,
				1E8F156D1F8F60E600854176 /* Frameworks */,
				1E8F156E1F8F60E600854176 /* Resources */,
			);
			buildRules = (
			);
			dependencies = (
			);
			name = UAMAAVPlayer;
			productName = UAMAAVPlayer;
			productReference = 1E8F15701F8F60E600854176 /* UAMAAVPlayer.app */;
			productType = "com.apple.product-type.application";
		};
/* End PBXNativeTarget section */

/* Begin PBXProject section */
		1E8F15681F8F60E600854176 /* Project object */ = {
			isa = PBXProject;
			attributes = {
				LastUpgradeCheck = 0900;
				ORGANIZATIONNAME = zhanghengyi;
				TargetAttributes = {
					1E8F156F1F8F60E600854176 = {
						CreatedOnToolsVersion = 9.0;
						ProvisioningStyle = Automatic;
						SystemCapabilities = {
							com.apple.BackgroundModes = {
								enabled = 1;
							};
						};
					};
				};
			};
			buildConfigurationList = 1E8F156B1F8F60E600854176 /* Build configuration list for PBXProject "UAMAAVPlayer" */;
			compatibilityVersion = "Xcode 8.0";
			developmentRegion = en;
			hasScannedForEncodings = 0;
			knownRegions = (
				en,
				Base,
			);
			mainGroup = 1E8F15671F8F60E600854176;
			productRefGroup = 1E8F15711F8F60E600854176 /* Products */;
			projectDirPath = "";
			projectRoot = "";
			targets = (
				1E8F156F1F8F60E600854176 /* UAMAAVPlayer */,
			);
		};
/* End PBXProject section */

/* Begin PBXResourcesBuildPhase section */
		1E8F156E1F8F60E600854176 /* Resources */ = {
			isa = PBXResourcesBuildPhase;
			buildActionMask = 2147483647;
			files = (
				1E8F15801F8F60E600854176 /* LaunchScreen.storyboard in Resources */,
				1E4D7DB71F94AB0100DB6902 /* uama_record.wav in Resources */,
				1E8F157D1F8F60E600854176 /* Assets.xcassets in Resources */,
				1E65125C1F8F6862002763D8 /* urec_a.data in Resources */,
				1E65125E1F8F6A02002763D8 /* uama_record.pcm in Resources */,
				1E8F157B1F8F60E600854176 /* Main.storyboard in Resources */,
				1E8F158C1F8F656000854176 /* BestRegards.mp3 in Resources */,
				1E4D7DB91F94AD8000DB6902 /* uama_record.amr in Resources */,
			);
			runOnlyForDeploymentPostprocessing = 0;
		};
/* End PBXResourcesBuildPhase section */

/* Begin PBXSourcesBuildPhase section */
		1E8F156C1F8F60E600854176 /* Sources */ = {
			isa = PBXSourcesBuildPhase;
			buildActionMask = 2147483647;
			files = (
				1E4D7DB31F94AA8C00DB6902 /* MQEncodeAudio.m in Sources */,
				1E8F15781F8F60E600854176 /* ViewController.m in Sources */,
				1E8F15831F8F60E600854176 /* main.m in Sources */,
				1E8F15751F8F60E600854176 /* AppDelegate.m in Sources */,
			);
			runOnlyForDeploymentPostprocessing = 0;
		};
/* End PBXSourcesBuildPhase section */

/* Begin PBXVariantGroup section */
		1E8F15791F8F60E600854176 /* Main.storyboard */ = {
			isa = PBXVariantGroup;
			children = (
				1E8F157A1F8F60E600854176 /* Base */,
			);
			name = Main.storyboard;
			sourceTree = "<group>";
		};
		1E8F157E1F8F60E600854176 /* LaunchScreen.storyboard */ = {
			isa = PBXVariantGroup;
			children = (
				1E8F157F1F8F60E600854176 /* Base */,
			);
			name = LaunchScreen.storyboard;
			sourceTree = "<group>";
		};
/* End PBXVariantGroup section */

/* Begin XCBuildConfiguration section */
		1E8F15841F8F60E600854176 /* Debug */ = {
			isa = XCBuildConfiguration;
			buildSettings = {
				ALWAYS_SEARCH_USER_PATHS = NO;
				CLANG_ANALYZER_NONNULL = YES;
				CLANG_ANALYZER_NUMBER_OBJECT_CONVERSION = YES_AGGRESSIVE;
				CLANG_CXX_LANGUAGE_STANDARD = "gnu++14";
				CLANG_CXX_LIBRARY = "libc++";
				CLANG_ENABLE_MODULES = YES;
				CLANG_ENABLE_OBJC_ARC = YES;
				CLANG_WARN_BLOCK_CAPTURE_AUTORELEASING = YES;
				CLANG_WARN_BOOL_CONVERSION = YES;
				CLANG_WARN_COMMA = YES;
				CLANG_WARN_CONSTANT_CONVERSION = YES;
				CLANG_WARN_DIRECT_OBJC_ISA_USAGE = YES_ERROR;
				CLANG_WARN_DOCUMENTATION_COMMENTS = YES;
				CLANG_WARN_EMPTY_BODY = YES;
				CLANG_WARN_ENUM_CONVERSION = YES;
				CLANG_WARN_INFINITE_RECURSION = YES;
				CLANG_WARN_INT_CONVERSION = YES;
				CLANG_WARN_NON_LITERAL_NULL_CONVERSION = YES;
				CLANG_WARN_OBJC_LITERAL_CONVERSION = YES;
				CLANG_WARN_OBJC_ROOT_CLASS = YES_ERROR;
				CLANG_WARN_RANGE_LOOP_ANALYSIS = YES;
				CLANG_WARN_STRICT_PROTOTYPES = YES;
				CLANG_WARN_SUSPICIOUS_MOVE = YES;
				CLANG_WARN_UNGUARDED_AVAILABILITY = YES_AGGRESSIVE;
				CLANG_WARN_UNREACHABLE_CODE = YES;
				CLANG_WARN__DUPLICATE_METHOD_MATCH = YES;
				CODE_SIGN_IDENTITY = "iPhone Developer";
				COPY_PHASE_STRIP = NO;
				DEBUG_INFORMATION_FORMAT = dwarf;
				ENABLE_STRICT_OBJC_MSGSEND = YES;
				ENABLE_TESTABILITY = YES;
				GCC_C_LANGUAGE_STANDARD = gnu11;
				GCC_DYNAMIC_NO_PIC = NO;
				GCC_NO_COMMON_BLOCKS = YES;
				GCC_OPTIMIZATION_LEVEL = 0;
				GCC_PREPROCESSOR_DEFINITIONS = (
					"DEBUG=1",
					"$(inherited)",
				);
				GCC_WARN_64_TO_32_BIT_CONVERSION = YES;
				GCC_WARN_ABOUT_RETURN_TYPE = YES_ERROR;
				GCC_WARN_UNDECLARED_SELECTOR = YES;
				GCC_WARN_UNINITIALIZED_AUTOS = YES_AGGRESSIVE;
				GCC_WARN_UNUSED_FUNCTION = YES;
				GCC_WARN_UNUSED_VARIABLE = YES;
				IPHONEOS_DEPLOYMENT_TARGET = 11.0;
				MTL_ENABLE_DEBUG_INFO = YES;
				ONLY_ACTIVE_ARCH = YES;
				SDKROOT = iphoneos;
			};
			name = Debug;
		};
		1E8F15851F8F60E600854176 /* Release */ = {
			isa = XCBuildConfiguration;
			buildSettings = {
				ALWAYS_SEARCH_USER_PATHS = NO;
				CLANG_ANALYZER_NONNULL = YES;
				CLANG_ANALYZER_NUMBER_OBJECT_CONVERSION = YES_AGGRESSIVE;
				CLANG_CXX_LANGUAGE_STANDARD = "gnu++14";
				CLANG_CXX_LIBRARY = "libc++";
				CLANG_ENABLE_MODULES = YES;
				CLANG_ENABLE_OBJC_ARC = YES;
				CLANG_WARN_BLOCK_CAPTURE_AUTORELEASING = YES;
				CLANG_WARN_BOOL_CONVERSION = YES;
				CLANG_WARN_COMMA = YES;
				CLANG_WARN_CONSTANT_CONVERSION = YES;
				CLANG_WARN_DIRECT_OBJC_ISA_USAGE = YES_ERROR;
				CLANG_WARN_DOCUMENTATION_COMMENTS = YES;
				CLANG_WARN_EMPTY_BODY = YES;
				CLANG_WARN_ENUM_CONVERSION = YES;
				CLANG_WARN_INFINITE_RECURSION = YES;
				CLANG_WARN_INT_CONVERSION = YES;
				CLANG_WARN_NON_LITERAL_NULL_CONVERSION = YES;
				CLANG_WARN_OBJC_LITERAL_CONVERSION = YES;
				CLANG_WARN_OBJC_ROOT_CLASS = YES_ERROR;
				CLANG_WARN_RANGE_LOOP_ANALYSIS = YES;
				CLANG_WARN_STRICT_PROTOTYPES = YES;
				CLANG_WARN_SUSPICIOUS_MOVE = YES;
				CLANG_WARN_UNGUARDED_AVAILABILITY = YES_AGGRESSIVE;
				CLANG_WARN_UNREACHABLE_CODE = YES;
				CLANG_WARN__DUPLICATE_METHOD_MATCH = YES;
				CODE_SIGN_IDENTITY = "iPhone Developer";
				COPY_PHASE_STRIP = NO;
				DEBUG_INFORMATION_FORMAT = "dwarf-with-dsym";
				ENABLE_NS_ASSERTIONS = NO;
				ENABLE_STRICT_OBJC_MSGSEND = YES;
				GCC_C_LANGUAGE_STANDARD = gnu11;
				GCC_NO_COMMON_BLOCKS = YES;
				GCC_WARN_64_TO_32_BIT_CONVERSION = YES;
				GCC_WARN_ABOUT_RETURN_TYPE = YES_ERROR;
				GCC_WARN_UNDECLARED_SELECTOR = YES;
				GCC_WARN_UNINITIALIZED_AUTOS = YES_AGGRESSIVE;
				GCC_WARN_UNUSED_FUNCTION = YES;
				GCC_WARN_UNUSED_VARIABLE = YES;
				IPHONEOS_DEPLOYMENT_TARGET = 11.0;
				MTL_ENABLE_DEBUG_INFO = NO;
				SDKROOT = iphoneos;
				VALIDATE_PRODUCT = YES;
			};
			name = Release;
		};
		1E8F15871F8F60E600854176 /* Debug */ = {
			isa = XCBuildConfiguration;
			buildSettings = {
				ASSETCATALOG_COMPILER_APPICON_NAME = AppIcon;
				CODE_SIGN_STYLE = Automatic;
				DEVELOPMENT_TEAM = 9WQABL39A5;
				ENABLE_BITCODE = NO;
				INFOPLIST_FILE = UAMAAVPlayer/Info.plist;
				LD_RUNPATH_SEARCH_PATHS = "$(inherited) @executable_path/Frameworks";
				LIBRARY_SEARCH_PATHS = (
					"$(inherited)",
					"$(PROJECT_DIR)/UAMAAVPlayer/MQEncodeAudio/lib",
				);
				PRODUCT_BUNDLE_IDENTIFIER = com.zhy.UAMAAVPlayer;
				PRODUCT_NAME = "$(TARGET_NAME)";
				TARGETED_DEVICE_FAMILY = "1,2";
			};
			name = Debug;
		};
		1E8F15881F8F60E600854176 /* Release */ = {
			isa = XCBuildConfiguration;
			buildSettings = {
				ASSETCATALOG_COMPILER_APPICON_NAME = AppIcon;
				CODE_SIGN_STYLE = Automatic;
				DEVELOPMENT_TEAM = 9WQABL39A5;
				ENABLE_BITCODE = NO;
				INFOPLIST_FILE = UAMAAVPlayer/Info.plist;
				LD_RUNPATH_SEARCH_PATHS = "$(inherited) @executable_path/Frameworks";
				LIBRARY_SEARCH_PATHS = (
					"$(inherited)",
					"$(PROJECT_DIR)/UAMAAVPlayer/MQEncodeAudio/lib",
				);
				PRODUCT_BUNDLE_IDENTIFIER = com.zhy.UAMAAVPlayer;
				PRODUCT_NAME = "$(TARGET_NAME)";
				TARGETED_DEVICE_FAMILY = "1,2";
			};
			name = Release;
		};
/* End XCBuildConfiguration section */

/* Begin XCConfigurationList section */
		1E8F156B1F8F60E600854176 /* Build configuration list for PBXProject "UAMAAVPlayer" */ = {
			isa = XCConfigurationList;
			buildConfigurations = (
				1E8F15841F8F60E600854176 /* Debug */,
				1E8F15851F8F60E600854176 /* Release */,
			);
			defaultConfigurationIsVisible = 0;
			defaultConfigurationName = Release;
		};
		1E8F15861F8F60E600854176 /* Build configuration list for PBXNativeTarget "UAMAAVPlayer" */ = {
			isa = XCConfigurationList;
			buildConfigurations = (
				1E8F15871F8F60E600854176 /* Debug */,
				1E8F15881F8F60E600854176 /* Release */,
			);
			defaultConfigurationIsVisible = 0;
			defaultConfigurationName = Release;
		};
/* End XCConfigurationList section */
	};
	rootObject = 1E8F15681F8F60E600854176 /* Project object */;
}
